// !$*UTF8*$!
{
	archiveVersion = 1;
	classes = {
	};
	objectVersion = 50;
	objects = {

/* Begin PBXBuildFile section */
		44B66E83214B272900989E4F /* ListaCategoriasPiadasViewController.swift in Sources */ = {isa = PBXBuildFile; fileRef = 44B66E82214B272900989E4F /* ListaCategoriasPiadasViewController.swift */; };
		44B66E85214B28F900989E4F /* Piadas.storyboard in Resources */ = {isa = PBXBuildFile; fileRef = 44B66E84214B28F900989E4F /* Piadas.storyboard */; };
		44B66E87214C295500989E4F /* PiadasViewModel.swift in Sources */ = {isa = PBXBuildFile; fileRef = 44B66E86214C295500989E4F /* PiadasViewModel.swift */; };
		44B66E89214C29E000989E4F /* Piada.swift in Sources */ = {isa = PBXBuildFile; fileRef = 44B66E88214C29E000989E4F /* Piada.swift */; };
		44B66E8C214C2EAA00989E4F /* BaseRequest.swift in Sources */ = {isa = PBXBuildFile; fileRef = 44B66E8B214C2EAA00989E4F /* BaseRequest.swift */; };
		44B66E90214C2F4800989E4F /* BuscaCategoriasRequest.swift in Sources */ = {isa = PBXBuildFile; fileRef = 44B66E8F214C2F4800989E4F /* BuscaCategoriasRequest.swift */; };
		44B66E92214C2F5F00989E4F /* BuscaCategorias.swift in Sources */ = {isa = PBXBuildFile; fileRef = 44B66E91214C2F5F00989E4F /* BuscaCategorias.swift */; };
		44B66E94214C350500989E4F /* ServiceResult.swift in Sources */ = {isa = PBXBuildFile; fileRef = 44B66E93214C350500989E4F /* ServiceResult.swift */; };
		44B66E97214C38FA00989E4F /* PiadasServices.swift in Sources */ = {isa = PBXBuildFile; fileRef = 44B66E96214C38FA00989E4F /* PiadasServices.swift */; };
		44B66E99214C4CF100989E4F /* PiadaDetalheViewController.swift in Sources */ = {isa = PBXBuildFile; fileRef = 44B66E98214C4CF100989E4F /* PiadaDetalheViewController.swift */; };
		44B66E9B214C4E6800989E4F /* PiadaRequest.swift in Sources */ = {isa = PBXBuildFile; fileRef = 44B66E9A214C4E6800989E4F /* PiadaRequest.swift */; };
		44B66E9D214D6FAA00989E4F /* Utils.swift in Sources */ = {isa = PBXBuildFile; fileRef = 44B66E9C214D6FAA00989E4F /* Utils.swift */; };
		44B66EA0214D714700989E4F /* BaseViewController.swift in Sources */ = {isa = PBXBuildFile; fileRef = 44B66E9F214D714700989E4F /* BaseViewController.swift */; };
		44B8F005214B078E0000C8FF /* AppDelegate.swift in Sources */ = {isa = PBXBuildFile; fileRef = 44B8F004214B078E0000C8FF /* AppDelegate.swift */; };
		44B8F007214B078E0000C8FF /* ViewController.swift in Sources */ = {isa = PBXBuildFile; fileRef = 44B8F006214B078E0000C8FF /* ViewController.swift */; };
		44B8F00A214B078E0000C8FF /* Main.storyboard in Resources */ = {isa = PBXBuildFile; fileRef = 44B8F008214B078E0000C8FF /* Main.storyboard */; };
		44B8F00C214B078E0000C8FF /* Assets.xcassets in Resources */ = {isa = PBXBuildFile; fileRef = 44B8F00B214B078E0000C8FF /* Assets.xcassets */; };
		44B8F00F214B078E0000C8FF /* LaunchScreen.storyboard in Resources */ = {isa = PBXBuildFile; fileRef = 44B8F00D214B078E0000C8FF /* LaunchScreen.storyboard */; };
		44B8F01A214B078E0000C8FF /* ChuckNorrisTests.swift in Sources */ = {isa = PBXBuildFile; fileRef = 44B8F019214B078E0000C8FF /* ChuckNorrisTests.swift */; };
		696CE185DD646445E6628992 /* Pods_ChuckNorris.framework in Frameworks */ = {isa = PBXBuildFile; fileRef = 1547FBE9FE6B6E0B852A38F7 /* Pods_ChuckNorris.framework */; };
/* End PBXBuildFile section */

/* Begin PBXContainerItemProxy section */
		44B8F016214B078E0000C8FF /* PBXContainerItemProxy */ = {
			isa = PBXContainerItemProxy;
			containerPortal = 44B8EFF9214B078E0000C8FF /* Project object */;
			proxyType = 1;
			remoteGlobalIDString = 44B8F000214B078E0000C8FF;
			remoteInfo = ChuckNorris;
		};
/* End PBXContainerItemProxy section */

/* Begin PBXFileReference section */
		0B9E298BAC8210EC1634DFC5 /* Pods-ChuckNorris.release.xcconfig */ = {isa = PBXFileReference; includeInIndex = 1; lastKnownFileType = text.xcconfig; name = "Pods-ChuckNorris.release.xcconfig"; path = "Pods/Target Support Files/Pods-ChuckNorris/Pods-ChuckNorris.release.xcconfig"; sourceTree = "<group>"; };
		1547FBE9FE6B6E0B852A38F7 /* Pods_ChuckNorris.framework */ = {isa = PBXFileReference; explicitFileType = wrapper.framework; includeInIndex = 0; path = Pods_ChuckNorris.framework; sourceTree = BUILT_PRODUCTS_DIR; };
		44B66E82214B272900989E4F /* ListaCategoriasPiadasViewController.swift */ = {isa = PBXFileReference; lastKnownFileType = sourcecode.swift; path = ListaCategoriasPiadasViewController.swift; sourceTree = "<group>"; };
		44B66E84214B28F900989E4F /* Piadas.storyboard */ = {isa = PBXFileReference; lastKnownFileType = file.storyboard; path = Piadas.storyboard; sourceTree = "<group>"; };
		44B66E86214C295500989E4F /* PiadasViewModel.swift */ = {isa = PBXFileReference; lastKnownFileType = sourcecode.swift; path = PiadasViewModel.swift; sourceTree = "<group>"; };
		44B66E88214C29E000989E4F /* Piada.swift */ = {isa = PBXFileReference; lastKnownFileType = sourcecode.swift; path = Piada.swift; sourceTree = "<group>"; };
		44B66E8B214C2EAA00989E4F /* BaseRequest.swift */ = {isa = PBXFileReference; lastKnownFileType = sourcecode.swift; path = BaseRequest.swift; sourceTree = "<group>"; };
		44B66E8F214C2F4800989E4F /* BuscaCategoriasRequest.swift */ = {isa = PBXFileReference; lastKnownFileType = sourcecode.swift; path = BuscaCategoriasRequest.swift; sourceTree = "<group>"; };
		44B66E91214C2F5F00989E4F /* BuscaCategorias.swift */ = {isa = PBXFileReference; lastKnownFileType = sourcecode.swift; path = BuscaCategorias.swift; sourceTree = "<group>"; };
		44B66E93214C350500989E4F /* ServiceResult.swift */ = {isa = PBXFileReference; lastKnownFileType = sourcecode.swift; path = ServiceResult.swift; sourceTree = "<group>"; };
		44B66E96214C38FA00989E4F /* PiadasServices.swift */ = {isa = PBXFileReference; lastKnownFileType = sourcecode.swift; path = PiadasServices.swift; sourceTree = "<group>"; };
		44B66E98214C4CF100989E4F /* PiadaDetalheViewController.swift */ = {isa = PBXFileReference; lastKnownFileType = sourcecode.swift; path = PiadaDetalheViewController.swift; sourceTree = "<group>"; };
		44B66E9A214C4E6800989E4F /* PiadaRequest.swift */ = {isa = PBXFileReference; lastKnownFileType = sourcecode.swift; path = PiadaRequest.swift; sourceTree = "<group>"; };
		44B66E9C214D6FAA00989E4F /* Utils.swift */ = {isa = PBXFileReference; lastKnownFileType = sourcecode.swift; path = Utils.swift; sourceTree = "<group>"; };
		44B66E9F214D714700989E4F /* BaseViewController.swift */ = {isa = PBXFileReference; lastKnownFileType = sourcecode.swift; path = BaseViewController.swift; sourceTree = "<group>"; };
		44B8F001214B078E0000C8FF /* ChuckNorris.app */ = {isa = PBXFileReference; explicitFileType = wrapper.application; includeInIndex = 0; path = ChuckNorris.app; sourceTree = BUILT_PRODUCTS_DIR; };
		44B8F004214B078E0000C8FF /* AppDelegate.swift */ = {isa = PBXFileReference; lastKnownFileType = sourcecode.swift; path = AppDelegate.swift; sourceTree = "<group>"; };
		44B8F006214B078E0000C8FF /* ViewController.swift */ = {isa = PBXFileReference; lastKnownFileType = sourcecode.swift; path = ViewController.swift; sourceTree = "<group>"; };
		44B8F009214B078E0000C8FF /* Base */ = {isa = PBXFileReference; lastKnownFileType = file.storyboard; name = Base; path = Base.lproj/Main.storyboard; sourceTree = "<group>"; };
		44B8F00B214B078E0000C8FF /* Assets.xcassets */ = {isa = PBXFileReference; lastKnownFileType = folder.assetcatalog; path = Assets.xcassets; sourceTree = "<group>"; };
		44B8F00E214B078E0000C8FF /* Base */ = {isa = PBXFileReference; lastKnownFileType = file.storyboard; name = Base; path = Base.lproj/LaunchScreen.storyboard; sourceTree = "<group>"; };
		44B8F010214B078E0000C8FF /* Info.plist */ = {isa = PBXFileReference; lastKnownFileType = text.plist.xml; path = Info.plist; sourceTree = "<group>"; };
		44B8F015214B078E0000C8FF /* ChuckNorrisTests.xctest */ = {isa = PBXFileReference; explicitFileType = wrapper.cfbundle; includeInIndex = 0; path = ChuckNorrisTests.xctest; sourceTree = BUILT_PRODUCTS_DIR; };
		44B8F019214B078E0000C8FF /* ChuckNorrisTests.swift */ = {isa = PBXFileReference; lastKnownFileType = sourcecode.swift; path = ChuckNorrisTests.swift; sourceTree = "<group>"; };
		44B8F01B214B078E0000C8FF /* Info.plist */ = {isa = PBXFileReference; lastKnownFileType = text.plist.xml; path = Info.plist; sourceTree = "<group>"; };
		E76426083037ECA64DA5033B /* Pods-ChuckNorris.debug.xcconfig */ = {isa = PBXFileReference; includeInIndex = 1; lastKnownFileType = text.xcconfig; name = "Pods-ChuckNorris.debug.xcconfig"; path = "Pods/Target Support Files/Pods-ChuckNorris/Pods-ChuckNorris.debug.xcconfig"; sourceTree = "<group>"; };
/* End PBXFileReference section */

/* Begin PBXFrameworksBuildPhase section */
		44B8EFFE214B078E0000C8FF /* Frameworks */ = {
			isa = PBXFrameworksBuildPhase;
			buildActionMask = 2147483647;
			files = (
				696CE185DD646445E6628992 /* Pods_ChuckNorris.framework in Frameworks */,
			);
			runOnlyForDeploymentPostprocessing = 0;
		};
		44B8F012214B078E0000C8FF /* Frameworks */ = {
			isa = PBXFrameworksBuildPhase;
			buildActionMask = 2147483647;
			files = (
			);
			runOnlyForDeploymentPostprocessing = 0;
		};
/* End PBXFrameworksBuildPhase section */

/* Begin PBXGroup section */
		44B66E7B214B24E400989E4F /* arch */ = {
			isa = PBXGroup;
			children = (
				44B66E9E214D712B00989E4F /* utils */,
				44B66E8A214C2E8C00989E4F /* base */,
				44B66E7D214B253E00989E4F /* feature */,
			);
			name = arch;
			path = "New Group";
			sourceTree = "<group>";
		};
		44B66E7D214B253E00989E4F /* feature */ = {
			isa = PBXGroup;
			children = (
				44B66E7E214B254A00989E4F /* lista piadas */,
			);
			path = feature;
			sourceTree = "<group>";
		};
		44B66E7E214B254A00989E4F /* lista piadas */ = {
			isa = PBXGroup;
			children = (
				44B66E80214B258A00989E4F /* models */,
				44B66E81214B25BD00989E4F /* viewModel */,
				44B66E7F214B257400989E4F /* views */,
				44B66E84214B28F900989E4F /* Piadas.storyboard */,
			);
			path = "lista piadas";
			sourceTree = "<group>";
		};
		44B66E7F214B257400989E4F /* views */ = {
			isa = PBXGroup;
			children = (
				44B66E82214B272900989E4F /* ListaCategoriasPiadasViewController.swift */,
				44B66E98214C4CF100989E4F /* PiadaDetalheViewController.swift */,
			);
			path = views;
			sourceTree = "<group>";
		};
		44B66E80214B258A00989E4F /* models */ = {
			isa = PBXGroup;
			children = (
				44B66E96214C38FA00989E4F /* PiadasServices.swift */,
				44B66E8D214C2F2B00989E4F /* request */,
				44B66E8E214C2F3100989E4F /* result */,
			);
			path = models;
			sourceTree = "<group>";
		};
		44B66E81214B25BD00989E4F /* viewModel */ = {
			isa = PBXGroup;
			children = (
				44B66E86214C295500989E4F /* PiadasViewModel.swift */,
			);
			path = viewModel;
			sourceTree = "<group>";
		};
		44B66E8A214C2E8C00989E4F /* base */ = {
			isa = PBXGroup;
			children = (
				44B66E8B214C2EAA00989E4F /* BaseRequest.swift */,
				44B66E93214C350500989E4F /* ServiceResult.swift */,
				44B66E9F214D714700989E4F /* BaseViewController.swift */,
			);
			path = base;
			sourceTree = "<group>";
		};
		44B66E8D214C2F2B00989E4F /* request */ = {
			isa = PBXGroup;
			children = (
				44B66E8F214C2F4800989E4F /* BuscaCategoriasRequest.swift */,
				44B66E9A214C4E6800989E4F /* PiadaRequest.swift */,
			);
			path = request;
			sourceTree = "<group>";
		};
		44B66E8E214C2F3100989E4F /* result */ = {
			isa = PBXGroup;
			children = (
				44B66E91214C2F5F00989E4F /* BuscaCategorias.swift */,
				44B66E88214C29E000989E4F /* Piada.swift */,
			);
			path = result;
			sourceTree = "<group>";
		};
		44B66E9E214D712B00989E4F /* utils */ = {
			isa = PBXGroup;
			children = (
				44B66E9C214D6FAA00989E4F /* Utils.swift */,
			);
			path = utils;
			sourceTree = "<group>";
		};
		44B8EFF8214B078E0000C8FF = {
			isa = PBXGroup;
			children = (
				44B8F003214B078E0000C8FF /* ChuckNorris */,
				44B8F018214B078E0000C8FF /* ChuckNorrisTests */,
				44B8F002214B078E0000C8FF /* Products */,
				FE2242A3A1163D0A8771E567 /* Pods */,
				F07E8C948DCB5CA75135981F /* Frameworks */,
			);
			sourceTree = "<group>";
		};
		44B8F002214B078E0000C8FF /* Products */ = {
			isa = PBXGroup;
			children = (
				44B8F001214B078E0000C8FF /* ChuckNorris.app */,
				44B8F015214B078E0000C8FF /* ChuckNorrisTests.xctest */,
			);
			name = Products;
			sourceTree = "<group>";
		};
		44B8F003214B078E0000C8FF /* ChuckNorris */ = {
			isa = PBXGroup;
			children = (
				44B66E7B214B24E400989E4F /* arch */,
				44B8F004214B078E0000C8FF /* AppDelegate.swift */,
				44B8F006214B078E0000C8FF /* ViewController.swift */,
				44B8F008214B078E0000C8FF /* Main.storyboard */,
				44B8F00B214B078E0000C8FF /* Assets.xcassets */,
				44B8F00D214B078E0000C8FF /* LaunchScreen.storyboard */,
				44B8F010214B078E0000C8FF /* Info.plist */,
			);
			path = ChuckNorris;
			sourceTree = "<group>";
		};
		44B8F018214B078E0000C8FF /* ChuckNorrisTests */ = {
			isa = PBXGroup;
			children = (
				44B8F019214B078E0000C8FF /* ChuckNorrisTests.swift */,
				44B8F01B214B078E0000C8FF /* Info.plist */,
			);
			path = ChuckNorrisTests;
			sourceTree = "<group>";
		};
		F07E8C948DCB5CA75135981F /* Frameworks */ = {
			isa = PBXGroup;
			children = (
				1547FBE9FE6B6E0B852A38F7 /* Pods_ChuckNorris.framework */,
			);
			name = Frameworks;
			sourceTree = "<group>";
		};
		FE2242A3A1163D0A8771E567 /* Pods */ = {
			isa = PBXGroup;
			children = (
				E76426083037ECA64DA5033B /* Pods-ChuckNorris.debug.xcconfig */,
				0B9E298BAC8210EC1634DFC5 /* Pods-ChuckNorris.release.xcconfig */,
			);
			name = Pods;
			sourceTree = "<group>";
		};
/* End PBXGroup section */

/* Begin PBXNativeTarget section */
		44B8F000214B078E0000C8FF /* ChuckNorris */ = {
			isa = PBXNativeTarget;
			buildConfigurationList = 44B8F01E214B078E0000C8FF /* Build configuration list for PBXNativeTarget "ChuckNorris" */;
			buildPhases = (
				DB41871FCEF8237CB8079CC8 /* [CP] Check Pods Manifest.lock */,
				44B8EFFD214B078E0000C8FF /* Sources */,
				44B8EFFE214B078E0000C8FF /* Frameworks */,
				44B8EFFF214B078E0000C8FF /* Resources */,
				F29EFE04EF2E6EF3EEB94BB9 /* [CP] Embed Pods Frameworks */,
			);
			buildRules = (
			);
			dependencies = (
			);
			name = ChuckNorris;
			productName = ChuckNorris;
			productReference = 44B8F001214B078E0000C8FF /* ChuckNorris.app */;
			productType = "com.apple.product-type.application";
		};
		44B8F014214B078E0000C8FF /* ChuckNorrisTests */ = {
			isa = PBXNativeTarget;
			buildConfigurationList = 44B8F021214B078E0000C8FF /* Build configuration list for PBXNativeTarget "ChuckNorrisTests" */;
			buildPhases = (
				44B8F011214B078E0000C8FF /* Sources */,
				44B8F012214B078E0000C8FF /* Frameworks */,
				44B8F013214B078E0000C8FF /* Resources */,
			);
			buildRules = (
			);
			dependencies = (
				44B8F017214B078E0000C8FF /* PBXTargetDependency */,
			);
			name = ChuckNorrisTests;
			productName = ChuckNorrisTests;
			productReference = 44B8F015214B078E0000C8FF /* ChuckNorrisTests.xctest */;
			productType = "com.apple.product-type.bundle.unit-test";
		};
/* End PBXNativeTarget section */

/* Begin PBXProject section */
		44B8EFF9214B078E0000C8FF /* Project object */ = {
			isa = PBXProject;
			attributes = {
				LastSwiftUpdateCheck = 0940;
				LastUpgradeCheck = 0940;
				ORGANIZATIONNAME = Vasconcelos;
				TargetAttributes = {
					44B8F000214B078E0000C8FF = {
						CreatedOnToolsVersion = 9.4.1;
					};
					44B8F014214B078E0000C8FF = {
						CreatedOnToolsVersion = 9.4.1;
						TestTargetID = 44B8F000214B078E0000C8FF;
					};
				};
			};
			buildConfigurationList = 44B8EFFC214B078E0000C8FF /* Build configuration list for PBXProject "ChuckNorris" */;
			compatibilityVersion = "Xcode 9.3";
			developmentRegion = en;
			hasScannedForEncodings = 0;
			knownRegions = (
				en,
				Base,
			);
			mainGroup = 44B8EFF8214B078E0000C8FF;
			productRefGroup = 44B8F002214B078E0000C8FF /* Products */;
			projectDirPath = "";
			projectRoot = "";
			targets = (
				44B8F000214B078E0000C8FF /* ChuckNorris */,
				44B8F014214B078E0000C8FF /* ChuckNorrisTests */,
			);
		};
/* End PBXProject section */

/* Begin PBXResourcesBuildPhase section */
		44B8EFFF214B078E0000C8FF /* Resources */ = {
			isa = PBXResourcesBuildPhase;
			buildActionMask = 2147483647;
			files = (
				44B8F00F214B078E0000C8FF /* LaunchScreen.storyboard in Resources */,
				44B8F00C214B078E0000C8FF /* Assets.xcassets in Resources */,
				44B66E85214B28F900989E4F /* Piadas.storyboard in Resources */,
				44B8F00A214B078E0000C8FF /* Main.storyboard in Resources */,
			);
			runOnlyForDeploymentPostprocessing = 0;
		};
		44B8F013214B078E0000C8FF /* Resources */ = {
			isa = PBXResourcesBuildPhase;
			buildActionMask = 2147483647;
			files = (
			);
			runOnlyForDeploymentPostprocessing = 0;
		};
/* End PBXResourcesBuildPhase section */

/* Begin PBXShellScriptBuildPhase section */
		DB41871FCEF8237CB8079CC8 /* [CP] Check Pods Manifest.lock */ = {
			isa = PBXShellScriptBuildPhase;
			buildActionMask = 2147483647;
			files = (
			);
			inputFileListPaths = (
			);
			inputPaths = (
				"${PODS_PODFILE_DIR_PATH}/Podfile.lock",
				"${PODS_ROOT}/Manifest.lock",
			);
			name = "[CP] Check Pods Manifest.lock";
			outputFileListPaths = (
			);
			outputPaths = (
				"$(DERIVED_FILE_DIR)/Pods-ChuckNorris-checkManifestLockResult.txt",
			);
			runOnlyForDeploymentPostprocessing = 0;
			shellPath = /bin/sh;
			shellScript = "diff \"${PODS_PODFILE_DIR_PATH}/Podfile.lock\" \"${PODS_ROOT}/Manifest.lock\" > /dev/null\nif [ $? != 0 ] ; then\n    # print error to STDERR\n    echo \"error: The sandbox is not in sync with the Podfile.lock. Run 'pod install' or update your CocoaPods installation.\" >&2\n    exit 1\nfi\n# This output is used by Xcode 'outputs' to avoid re-running this script phase.\necho \"SUCCESS\" > \"${SCRIPT_OUTPUT_FILE_0}\"\n";
			showEnvVarsInLog = 0;
		};
		F29EFE04EF2E6EF3EEB94BB9 /* [CP] Embed Pods Frameworks */ = {
			isa = PBXShellScriptBuildPhase;
			buildActionMask = 2147483647;
			files = (
			);
			inputFileListPaths = (
			);
			inputPaths = (
				"${SRCROOT}/Pods/Target Support Files/Pods-ChuckNorris/Pods-ChuckNorris-frameworks.sh",
				"${BUILT_PRODUCTS_DIR}/Alamofire/Alamofire.framework",
				"${BUILT_PRODUCTS_DIR}/ObjectMapper/ObjectMapper.framework",
			);
			name = "[CP] Embed Pods Frameworks";
			outputFileListPaths = (
			);
			outputPaths = (
				"${TARGET_BUILD_DIR}/${FRAMEWORKS_FOLDER_PATH}/Alamofire.framework",
				"${TARGET_BUILD_DIR}/${FRAMEWORKS_FOLDER_PATH}/ObjectMapper.framework",
			);
			runOnlyForDeploymentPostprocessing = 0;
			shellPath = /bin/sh;
			shellScript = "\"${SRCROOT}/Pods/Target Support Files/Pods-ChuckNorris/Pods-ChuckNorris-frameworks.sh\"\n";
			showEnvVarsInLog = 0;
		};
/* End PBXShellScriptBuildPhase section */

/* Begin PBXSourcesBuildPhase section */
		44B8EFFD214B078E0000C8FF /* Sources */ = {
			isa = PBXSourcesBuildPhase;
			buildActionMask = 2147483647;
			files = (
				44B66E92214C2F5F00989E4F /* BuscaCategorias.swift in Sources */,
				44B66E9B214C4E6800989E4F /* PiadaRequest.swift in Sources */,
				44B66E83214B272900989E4F /* ListaCategoriasPiadasViewController.swift in Sources */,
				44B66E90214C2F4800989E4F /* BuscaCategoriasRequest.swift in Sources */,
				44B8F007214B078E0000C8FF /* ViewController.swift in Sources */,
				44B66EA0214D714700989E4F /* BaseViewController.swift in Sources */,
				44B66E9D214D6FAA00989E4F /* Utils.swift in Sources */,
				44B66E8C214C2EAA00989E4F /* BaseRequest.swift in Sources */,
				44B66E97214C38FA00989E4F /* PiadasServices.swift in Sources */,
				44B66E94214C350500989E4F /* ServiceResult.swift in Sources */,
				44B66E87214C295500989E4F /* PiadasViewModel.swift in Sources */,
				44B8F005214B078E0000C8FF /* AppDelegate.swift in Sources */,
				44B66E89214C29E000989E4F /* Piada.swift in Sources */,
				44B66E99214C4CF100989E4F /* PiadaDetalheViewController.swift in Sources */,
			);
			runOnlyForDeploymentPostprocessing = 0;
		};
		44B8F011214B078E0000C8FF /* Sources */ = {
			isa = PBXSourcesBuildPhase;
			buildActionMask = 2147483647;
			files = (
				44B8F01A214B078E0000C8FF /* ChuckNorrisTests.swift in Sources */,
			);
			runOnlyForDeploymentPostprocessing = 0;
		};
/* End PBXSourcesBuildPhase section */

/* Begin PBXTargetDependency section */
		44B8F017214B078E0000C8FF /* PBXTargetDependency */ = {
			isa = PBXTargetDependency;
			target = 44B8F000214B078E0000C8FF /* ChuckNorris */;
			targetProxy = 44B8F016214B078E0000C8FF /* PBXContainerItemProxy */;
		};
/* End PBXTargetDependency section */

/* Begin PBXVariantGroup section */
		44B8F008214B078E0000C8FF /* Main.storyboard */ = {
			isa = PBXVariantGroup;
			children = (
				44B8F009214B078E0000C8FF /* Base */,
			);
			name = Main.storyboard;
			sourceTree = "<group>";
		};
		44B8F00D214B078E0000C8FF /* LaunchScreen.storyboard */ = {
			isa = PBXVariantGroup;
			children = (
				44B8F00E214B078E0000C8FF /* Base */,
			);
			name = LaunchScreen.storyboard;
			sourceTree = "<group>";
		};
/* End PBXVariantGroup section */

/* Begin XCBuildConfiguration section */
		44B8F01C214B078E0000C8FF /* Debug */ = {
			isa = XCBuildConfiguration;
			buildSettings = {
				ALWAYS_SEARCH_USER_PATHS = NO;
				CLANG_ANALYZER_NONNULL = YES;
				CLANG_ANALYZER_NUMBER_OBJECT_CONVERSION = YES_AGGRESSIVE;
				CLANG_CXX_LANGUAGE_STANDARD = "gnu++14";
				CLANG_CXX_LIBRARY = "libc++";
				CLANG_ENABLE_MODULES = YES;
				CLANG_ENABLE_OBJC_ARC = YES;
				CLANG_ENABLE_OBJC_WEAK = YES;
				CLANG_WARN_BLOCK_CAPTURE_AUTORELEASING = YES;
				CLANG_WARN_BOOL_CONVERSION = YES;
				CLANG_WARN_COMMA = YES;
				CLANG_WARN_CONSTANT_CONVERSION = YES;
				CLANG_WARN_DEPRECATED_OBJC_IMPLEMENTATIONS = YES;
				CLANG_WARN_DIRECT_OBJC_ISA_USAGE = YES_ERROR;
				CLANG_WARN_DOCUMENTATION_COMMENTS = YES;
				CLANG_WARN_EMPTY_BODY = YES;
				CLANG_WARN_ENUM_CONVERSION = YES;
				CLANG_WARN_INFINITE_RECURSION = YES;
				CLANG_WARN_INT_CONVERSION = YES;
				CLANG_WARN_NON_LITERAL_NULL_CONVERSION = YES;
				CLANG_WARN_OBJC_IMPLICIT_RETAIN_SELF = YES;
				CLANG_WARN_OBJC_LITERAL_CONVERSION = YES;
				CLANG_WARN_OBJC_ROOT_CLASS = YES_ERROR;
				CLANG_WARN_RANGE_LOOP_ANALYSIS = YES;
				CLANG_WARN_STRICT_PROTOTYPES = YES;
				CLANG_WARN_SUSPICIOUS_MOVE = YES;
				CLANG_WARN_UNGUARDED_AVAILABILITY = YES_AGGRESSIVE;
				CLANG_WARN_UNREACHABLE_CODE = YES;
				CLANG_WARN__DUPLICATE_METHOD_MATCH = YES;
				CODE_SIGN_IDENTITY = "iPhone Developer";
				COPY_PHASE_STRIP = NO;
				DEBUG_INFORMATION_FORMAT = dwarf;
				ENABLE_STRICT_OBJC_MSGSEND = YES;
				ENABLE_TESTABILITY = YES;
				GCC_C_LANGUAGE_STANDARD = gnu11;
				GCC_DYNAMIC_NO_PIC = NO;
				GCC_NO_COMMON_BLOCKS = YES;
				GCC_OPTIMIZATION_LEVEL = 0;
				GCC_PREPROCESSOR_DEFINITIONS = (
					"DEBUG=1",
					"$(inherited)",
				);
				GCC_WARN_64_TO_32_BIT_CONVERSION = YES;
				GCC_WARN_ABOUT_RETURN_TYPE = YES_ERROR;
				GCC_WARN_UNDECLARED_SELECTOR = YES;
				GCC_WARN_UNINITIALIZED_AUTOS = YES_AGGRESSIVE;
				GCC_WARN_UNUSED_FUNCTION = YES;
				GCC_WARN_UNUSED_VARIABLE = YES;
				IPHONEOS_DEPLOYMENT_TARGET = 11.4;
				MTL_ENABLE_DEBUG_INFO = YES;
				ONLY_ACTIVE_ARCH = YES;
				SDKROOT = iphoneos;
				SWIFT_ACTIVE_COMPILATION_CONDITIONS = DEBUG;
				SWIFT_OPTIMIZATION_LEVEL = "-Onone";
			};
			name = Debug;
		};
		44B8F01D214B078E0000C8FF /* Release */ = {
			isa = XCBuildConfiguration;
			buildSettings = {
				ALWAYS_SEARCH_USER_PATHS = NO;
				CLANG_ANALYZER_NONNULL = YES;
				CLANG_ANALYZER_NUMBER_OBJECT_CONVERSION = YES_AGGRESSIVE;
				CLANG_CXX_LANGUAGE_STANDARD = "gnu++14";
				CLANG_CXX_LIBRARY = "libc++";
				CLANG_ENABLE_MODULES = YES;
				CLANG_ENABLE_OBJC_ARC = YES;
				CLANG_ENABLE_OBJC_WEAK = YES;
				CLANG_WARN_BLOCK_CAPTURE_AUTORELEASING = YES;
				CLANG_WARN_BOOL_CONVERSION = YES;
				CLANG_WARN_COMMA = YES;
				CLANG_WARN_CONSTANT_CONVERSION = YES;
				CLANG_WARN_DEPRECATED_OBJC_IMPLEMENTATIONS = YES;
				CLANG_WARN_DIRECT_OBJC_ISA_USAGE = YES_ERROR;
				CLANG_WARN_DOCUMENTATION_COMMENTS = YES;
				CLANG_WARN_EMPTY_BODY = YES;
				CLANG_WARN_ENUM_CONVERSION = YES;
				CLANG_WARN_INFINITE_RECURSION = YES;
				CLANG_WARN_INT_CONVERSION = YES;
				CLANG_WARN_NON_LITERAL_NULL_CONVERSION = YES;
				CLANG_WARN_OBJC_IMPLICIT_RETAIN_SELF = YES;
				CLANG_WARN_OBJC_LITERAL_CONVERSION = YES;
				CLANG_WARN_OBJC_ROOT_CLASS = YES_ERROR;
				CLANG_WARN_RANGE_LOOP_ANALYSIS = YES;
				CLANG_WARN_STRICT_PROTOTYPES = YES;
				CLANG_WARN_SUSPICIOUS_MOVE = YES;
				CLANG_WARN_UNGUARDED_AVAILABILITY = YES_AGGRESSIVE;
				CLANG_WARN_UNREACHABLE_CODE = YES;
				CLANG_WARN__DUPLICATE_METHOD_MATCH = YES;
				CODE_SIGN_IDENTITY = "iPhone Developer";
				COPY_PHASE_STRIP = NO;
				DEBUG_INFORMATION_FORMAT = "dwarf-with-dsym";
				ENABLE_NS_ASSERTIONS = NO;
				ENABLE_STRICT_OBJC_MSGSEND = YES;
				GCC_C_LANGUAGE_STANDARD = gnu11;
				GCC_NO_COMMON_BLOCKS = YES;
				GCC_WARN_64_TO_32_BIT_CONVERSION = YES;
				GCC_WARN_ABOUT_RETURN_TYPE = YES_ERROR;
				GCC_WARN_UNDECLARED_SELECTOR = YES;
				GCC_WARN_UNINITIALIZED_AUTOS = YES_AGGRESSIVE;
				GCC_WARN_UNUSED_FUNCTION = YES;
				GCC_WARN_UNUSED_VARIABLE = YES;
				IPHONEOS_DEPLOYMENT_TARGET = 11.4;
				MTL_ENABLE_DEBUG_INFO = NO;
				SDKROOT = iphoneos;
				SWIFT_COMPILATION_MODE = wholemodule;
				SWIFT_OPTIMIZATION_LEVEL = "-O";
				VALIDATE_PRODUCT = YES;
			};
			name = Release;
		};
		44B8F01F214B078E0000C8FF /* Debug */ = {
			isa = XCBuildConfiguration;
			baseConfigurationReference = E76426083037ECA64DA5033B /* Pods-ChuckNorris.debug.xcconfig */;
			buildSettings = {
				ASSETCATALOG_COMPILER_APPICON_NAME = AppIcon;
				CODE_SIGN_STYLE = Automatic;
				DEVELOPMENT_TEAM = F2TUAMX4Z8;
				INFOPLIST_FILE = ChuckNorris/Info.plist;
				IPHONEOS_DEPLOYMENT_TARGET = 9.0;
				LD_RUNPATH_SEARCH_PATHS = (
					"$(inherited)",
					"@executable_path/Frameworks",
				);
				PRODUCT_BUNDLE_IDENTIFIER = com.chuck.norris;
				PRODUCT_NAME = "$(TARGET_NAME)";
				SWIFT_OPTIMIZATION_LEVEL = "-Onone";
				SWIFT_VERSION = 4.0;
				TARGETED_DEVICE_FAMILY = "1,2";
			};
			name = Debug;
		};
		44B8F020214B078E0000C8FF /* Release */ = {
			isa = XCBuildConfiguration;
			baseConfigurationReference = 0B9E298BAC8210EC1634DFC5 /* Pods-ChuckNorris.release.xcconfig */;
			buildSettings = {
				ASSETCATALOG_COMPILER_APPICON_NAME = AppIcon;
				CODE_SIGN_STYLE = Automatic;
				DEVELOPMENT_TEAM = F2TUAMX4Z8;
				INFOPLIST_FILE = ChuckNorris/Info.plist;
				IPHONEOS_DEPLOYMENT_TARGET = 9.0;
				LD_RUNPATH_SEARCH_PATHS = (
					"$(inherited)",
					"@executable_path/Frameworks",
				);
				PRODUCT_BUNDLE_IDENTIFIER = com.chuck.norris;
				PRODUCT_NAME = "$(TARGET_NAME)";
				SWIFT_VERSION = 4.0;
				TARGETED_DEVICE_FAMILY = "1,2";
			};
			name = Release;
		};
		44B8F022214B078E0000C8FF /* Debug */ = {
			isa = XCBuildConfiguration;
			buildSettings = {
				ALWAYS_EMBED_SWIFT_STANDARD_LIBRARIES = YES;
				BUNDLE_LOADER = "$(TEST_HOST)";
				CODE_SIGN_STYLE = Automatic;
				DEVELOPMENT_TEAM = HVNA25BV2B;
				INFOPLIST_FILE = ChuckNorrisTests/Info.plist;
				LD_RUNPATH_SEARCH_PATHS = (
					"$(inherited)",
					"@executable_path/Frameworks",
					"@loader_path/Frameworks",
				);
				PRODUCT_BUNDLE_IDENTIFIER = com.ChuckNorrisTests;
				PRODUCT_NAME = "$(TARGET_NAME)";
				SWIFT_OPTIMIZATION_LEVEL = "-Onone";
				SWIFT_VERSION = 4.0;
				TARGETED_DEVICE_FAMILY = "1,2";
				TEST_HOST = "$(BUILT_PRODUCTS_DIR)/ChuckNorris.app/ChuckNorris";
			};
			name = Debug;
		};
		44B8F023214B078E0000C8FF /* Release */ = {
			isa = XCBuildConfiguration;
			buildSettings = {
				ALWAYS_EMBED_SWIFT_STANDARD_LIBRARIES = YES;
				BUNDLE_LOADER = "$(TEST_HOST)";
				CODE_SIGN_STYLE = Automatic;
				DEVELOPMENT_TEAM = HVNA25BV2B;
				INFOPLIST_FILE = ChuckNorrisTests/Info.plist;
				LD_RUNPATH_SEARCH_PATHS = (
					"$(inherited)",
					"@executable_path/Frameworks",
					"@loader_path/Frameworks",
				);
				PRODUCT_BUNDLE_IDENTIFIER = com.ChuckNorrisTests;
				PRODUCT_NAME = "$(TARGET_NAME)";
				SWIFT_VERSION = 4.0;
				TARGETED_DEVICE_FAMILY = "1,2";
				TEST_HOST = "$(BUILT_PRODUCTS_DIR)/ChuckNorris.app/ChuckNorris";
			};
			name = Release;
		};
/* End XCBuildConfiguration section */

/* Begin XCConfigurationList section */
		44B8EFFC214B078E0000C8FF /* Build configuration list for PBXProject "ChuckNorris" */ = {
			isa = XCConfigurationList;
			buildConfigurations = (
				44B8F01C214B078E0000C8FF /* Debug */,
				44B8F01D214B078E0000C8FF /* Release */,
			);
			defaultConfigurationIsVisible = 0;
			defaultConfigurationName = Release;
		};
		44B8F01E214B078E0000C8FF /* Build configuration list for PBXNativeTarget "ChuckNorris" */ = {
			isa = XCConfigurationList;
			buildConfigurations = (
				44B8F01F214B078E0000C8FF /* Debug */,
				44B8F020214B078E0000C8FF /* Release */,
			);
			defaultConfigurationIsVisible = 0;
			defaultConfigurationName = Release;
		};
		44B8F021214B078E0000C8FF /* Build configuration list for PBXNativeTarget "ChuckNorrisTests" */ = {
			isa = XCConfigurationList;
			buildConfigurations = (
				44B8F022214B078E0000C8FF /* Debug */,
				44B8F023214B078E0000C8FF /* Release */,
			);
			defaultConfigurationIsVisible = 0;
			defaultConfigurationName = Release;
		};
/* End XCConfigurationList section */
	};
	rootObject = 44B8EFF9214B078E0000C8FF /* Project object */;
}
